
Microsoft Visual Studio Solution File, Format Version 12.00
# Visual Studio Version 16
VisualStudioVersion = 16.0.31321.278
MinimumVisualStudioVersion = 10.0.40219.1
Project("{FAE04EC0-301F-11D3-BF4B-00C04F79EFBC}") = "AsyncDemo", "AsyncDemo\AsyncDemo.csproj", "{007B9DD0-538F-43CB-A746-FE2893886DF1}"
EndProject
Global
	GlobalSection(SolutionConfigurationPlatforms) = preSolution
		Debug|Any CPU = Debug|Any CPU
		Release|Any CPU = Release|Any CPU
	EndGlobalSection
	GlobalSection(ProjectConfigurationPlatforms) = postSolution
		{007B9DD0-538F-43CB-A746-FE2893886DF1}.Debug|Any CPU.ActiveCfg = Debug|Any CPU
		{007B9DD0-538F-43CB-A746-FE2893886DF1}.Debug|Any CPU.Build.0 = Debug|Any CPU
		{007B9DD0-538F-43CB-A746-FE2893886DF1}.Release|Any CPU.ActiveCfg = Release|Any CPU
		{007B9DD0-538F-43CB-A746-FE2893886DF1}.Release|Any CPU.Build.0 = Release|Any CPU
	EndGlobalSection
	GlobalSection(SolutionProperties) = preSolution
		HideSolutionNode = FALSE
	EndGlobalSection
	GlobalSection(ExtensibilityGlobals) = postSolution
		SolutionGuid = {B508E2FD-FBB8-4783-B514-D31D68424AB5}
	EndGlobalSection
EndGlobal
