
Microsoft Visual Studio Solution File, Format Version 12.00
# Visual Studio Version 16
VisualStudioVersion = 16.0.31321.278
MinimumVisualStudioVersion = 10.0.40219.1
Project("{FAE04EC0-301F-11D3-BF4B-00C04F79EFBC}") = "CastingTraining", "CastingTraining\CastingTraining.csproj", "{AA6E0976-EA17-4B63-B721-926D3A76EADB}"
EndProject
Global
	GlobalSection(SolutionConfigurationPlatforms) = preSolution
		Debug|Any CPU = Debug|Any CPU
		Release|Any CPU = Release|Any CPU
	EndGlobalSection
	GlobalSection(ProjectConfigurationPlatforms) = postSolution
		{AA6E0976-EA17-4B63-B721-926D3A76EADB}.Debug|Any CPU.ActiveCfg = Debug|Any CPU
		{AA6E0976-EA17-4B63-B721-926D3A76EADB}.Debug|Any CPU.Build.0 = Debug|Any CPU
		{AA6E0976-EA17-4B63-B721-926D3A76EADB}.Release|Any CPU.ActiveCfg = Release|Any CPU
		{AA6E0976-EA17-4B63-B721-926D3A76EADB}.Release|Any CPU.Build.0 = Release|Any CPU
	EndGlobalSection
	GlobalSection(SolutionProperties) = preSolution
		HideSolutionNode = FALSE
	EndGlobalSection
	GlobalSection(ExtensibilityGlobals) = postSolution
		SolutionGuid = {3A86E75E-AE45-4F32-9D4A-E4FB147F4E30}
	EndGlobalSection
EndGlobal
