
Microsoft Visual Studio Solution File, Format Version 12.00
# Visual Studio Version 16
VisualStudioVersion = 16.0.31321.278
MinimumVisualStudioVersion = 10.0.40219.1
Project("{FAE04EC0-301F-11D3-BF4B-00C04F79EFBC}") = "PGS_Upskill", "PGS_Upskill\PGS_Upskill.csproj", "{8DDA626F-3D1C-4EE9-BD2A-542337E3821E}"
EndProject
Global
	GlobalSection(SolutionConfigurationPlatforms) = preSolution
		Debug|Any CPU = Debug|Any CPU
		Release|Any CPU = Release|Any CPU
	EndGlobalSection
	GlobalSection(ProjectConfigurationPlatforms) = postSolution
		{8DDA626F-3D1C-4EE9-BD2A-542337E3821E}.Debug|Any CPU.ActiveCfg = Debug|Any CPU
		{8DDA626F-3D1C-4EE9-BD2A-542337E3821E}.Debug|Any CPU.Build.0 = Debug|Any CPU
		{8DDA626F-3D1C-4EE9-BD2A-542337E3821E}.Release|Any CPU.ActiveCfg = Release|Any CPU
		{8DDA626F-3D1C-4EE9-BD2A-542337E3821E}.Release|Any CPU.Build.0 = Release|Any CPU
	EndGlobalSection
	GlobalSection(SolutionProperties) = preSolution
		HideSolutionNode = FALSE
	EndGlobalSection
	GlobalSection(ExtensibilityGlobals) = postSolution
		SolutionGuid = {B04B6F7E-B5E2-4365-B89A-2E51C83BC9F3}
	EndGlobalSection
EndGlobal
